
Microsoft Visual Studio Solution File, Format Version 12.00
# Visual Studio Version 16
VisualStudioVersion = 16.0.30225.117
MinimumVisualStudioVersion = 10.0.40219.1
Project("{9A19103F-16F7-4668-BE54-9A1E7A4F7556}") = "Library.Demo", "Library.Demo\Library.Demo.csproj", "{AE237214-D1F6-48D9-A83A-C1861C33DE31}"
EndProject
Project("{9A19103F-16F7-4668-BE54-9A1E7A4F7556}") = "Library.Tests", "Library.Tests\Library.Tests.csproj", "{6D77DDA0-A628-42F7-9BEC-CB029BBFC058}"
EndProject
Project("{2150E333-8FDC-42A3-9474-1A3956D46DE8}") = "Tips", "Tips", "{C389A2B9-4C92-4F07-9519-D40235C48E7D}"
	ProjectSection(SolutionItems) = preProject
		Tips.txt = Tips.txt
	EndProjectSection
EndProject
Global
	GlobalSection(SolutionConfigurationPlatforms) = preSolution
		Debug|Any CPU = Debug|Any CPU
		Release|Any CPU = Release|Any CPU
	EndGlobalSection
	GlobalSection(ProjectConfigurationPlatforms) = postSolution
		{AE237214-D1F6-48D9-A83A-C1861C33DE31}.Debug|Any CPU.ActiveCfg = Debug|Any CPU
		{AE237214-D1F6-48D9-A83A-C1861C33DE31}.Debug|Any CPU.Build.0 = Debug|Any CPU
		{AE237214-D1F6-48D9-A83A-C1861C33DE31}.Release|Any CPU.ActiveCfg = Release|Any CPU
		{AE237214-D1F6-48D9-A83A-C1861C33DE31}.Release|Any CPU.Build.0 = Release|Any CPU
		{6D77DDA0-A628-42F7-9BEC-CB029BBFC058}.Debug|Any CPU.ActiveCfg = Debug|Any CPU
		{6D77DDA0-A628-42F7-9BEC-CB029BBFC058}.Debug|Any CPU.Build.0 = Debug|Any CPU
		{6D77DDA0-A628-42F7-9BEC-CB029BBFC058}.Release|Any CPU.ActiveCfg = Release|Any CPU
		{6D77DDA0-A628-42F7-9BEC-CB029BBFC058}.Release|Any CPU.Build.0 = Release|Any CPU
	EndGlobalSection
	GlobalSection(SolutionProperties) = preSolution
		HideSolutionNode = FALSE
	EndGlobalSection
	GlobalSection(ExtensibilityGlobals) = postSolution
		SolutionGuid = {BD256BBC-7EBA-4051-B0DA-B99969C6431E}
	EndGlobalSection
EndGlobal
